
Microsoft Visual Studio Solution File, Format Version 12.00
# Visual Studio Version 16
VisualStudioVersion = 16.0.31424.327
MinimumVisualStudioVersion = 10.0.40219.1
Project("{9A19103F-16F7-4668-BE54-9A1E7A4F7556}") = "RFPPortalWebsite", "RFPPortalWebsite\RFPPortalWebsite.csproj", "{BC58EB66-E2FA-4A86-8385-68060A1FBEC1}"
EndProject
Project("{E53339B2-1760-4266-BCC7-CA923CBCF16C}") = "docker-compose", "docker-compose.dcproj", "{6E056AA5-47A7-4F3C-A00C-4BD6D27D9386}"
EndProject
Global
	GlobalSection(SolutionConfigurationPlatforms) = preSolution
		Debug|Any CPU = Debug|Any CPU
		Release|Any CPU = Release|Any CPU
	EndGlobalSection
	GlobalSection(ProjectConfigurationPlatforms) = postSolution
		{BC58EB66-E2FA-4A86-8385-68060A1FBEC1}.Debug|Any CPU.ActiveCfg = Debug|Any CPU
		{BC58EB66-E2FA-4A86-8385-68060A1FBEC1}.Debug|Any CPU.Build.0 = Debug|Any CPU
		{BC58EB66-E2FA-4A86-8385-68060A1FBEC1}.Release|Any CPU.ActiveCfg = Release|Any CPU
		{BC58EB66-E2FA-4A86-8385-68060A1FBEC1}.Release|Any CPU.Build.0 = Release|Any CPU
		{6E056AA5-47A7-4F3C-A00C-4BD6D27D9386}.Debug|Any CPU.ActiveCfg = Debug|Any CPU
		{6E056AA5-47A7-4F3C-A00C-4BD6D27D9386}.Debug|Any CPU.Build.0 = Debug|Any CPU
		{6E056AA5-47A7-4F3C-A00C-4BD6D27D9386}.Release|Any CPU.ActiveCfg = Release|Any CPU
		{6E056AA5-47A7-4F3C-A00C-4BD6D27D9386}.Release|Any CPU.Build.0 = Release|Any CPU
	EndGlobalSection
	GlobalSection(SolutionProperties) = preSolution
		HideSolutionNode = FALSE
	EndGlobalSection
	GlobalSection(ExtensibilityGlobals) = postSolution
		SolutionGuid = {5D4D7D85-B7F2-4AFC-8DA0-6D51E868EB33}
	EndGlobalSection
EndGlobal
